// !$*UTF8*$!
{
	archiveVersion = 1;
	classes = {
	};
	objectVersion = 56;
	objects = {

/* Begin PBXBuildFile section */
		938BCE062AD7CE5B005CC01E /* AppDelegate.swift in Sources */ = {isa = PBXBuildFile; fileRef = 938BCE052AD7CE5B005CC01E /* AppDelegate.swift */; };
		938BCE082AD7CE5B005CC01E /* SceneDelegate.swift in Sources */ = {isa = PBXBuildFile; fileRef = 938BCE072AD7CE5B005CC01E /* SceneDelegate.swift */; };
		938BCE0D2AD7CE5B005CC01E /* Main.storyboard in Resources */ = {isa = PBXBuildFile; fileRef = 938BCE0B2AD7CE5B005CC01E /* Main.storyboard */; };
		938BCE0F2AD7CE5C005CC01E /* Assets.xcassets in Resources */ = {isa = PBXBuildFile; fileRef = 938BCE0E2AD7CE5C005CC01E /* Assets.xcassets */; };
		938BCE122AD7CE5C005CC01E /* LaunchScreen.storyboard in Resources */ = {isa = PBXBuildFile; fileRef = 938BCE102AD7CE5C005CC01E /* LaunchScreen.storyboard */; };
		938BCE1A2AD7D47C005CC01E /* FurnitureDetailViewController.swift in Sources */ = {isa = PBXBuildFile; fileRef = 938BCE192AD7D47C005CC01E /* FurnitureDetailViewController.swift */; };
		938BCE1C2AD7D48C005CC01E /* FurnitureTableViewController.swift in Sources */ = {isa = PBXBuildFile; fileRef = 938BCE1B2AD7D48C005CC01E /* FurnitureTableViewController.swift */; };
		938BCE1E2AD7DA6A005CC01E /* Furniture.swift in Sources */ = {isa = PBXBuildFile; fileRef = 938BCE1D2AD7DA6A005CC01E /* Furniture.swift */; };
		938BCE202AD7DAA8005CC01E /* Room.swift in Sources */ = {isa = PBXBuildFile; fileRef = 938BCE1F2AD7DAA8005CC01E /* Room.swift */; };
/* End PBXBuildFile section */

/* Begin PBXFileReference section */
		938BCE022AD7CE5B005CC01E /* MyLabHomeFurnitureSharing.app */ = {isa = PBXFileReference; explicitFileType = wrapper.application; includeInIndex = 0; path = MyLabHomeFurnitureSharing.app; sourceTree = BUILT_PRODUCTS_DIR; };
		938BCE052AD7CE5B005CC01E /* AppDelegate.swift */ = {isa = PBXFileReference; lastKnownFileType = sourcecode.swift; path = AppDelegate.swift; sourceTree = "<group>"; };
		938BCE072AD7CE5B005CC01E /* SceneDelegate.swift */ = {isa = PBXFileReference; lastKnownFileType = sourcecode.swift; path = SceneDelegate.swift; sourceTree = "<group>"; };
		938BCE0C2AD7CE5B005CC01E /* Base */ = {isa = PBXFileReference; lastKnownFileType = file.storyboard; name = Base; path = Base.lproj/Main.storyboard; sourceTree = "<group>"; };
		938BCE0E2AD7CE5C005CC01E /* Assets.xcassets */ = {isa = PBXFileReference; lastKnownFileType = folder.assetcatalog; path = Assets.xcassets; sourceTree = "<group>"; };
		938BCE112AD7CE5C005CC01E /* Base */ = {isa = PBXFileReference; lastKnownFileType = file.storyboard; name = Base; path = Base.lproj/LaunchScreen.storyboard; sourceTree = "<group>"; };
		938BCE132AD7CE5C005CC01E /* Info.plist */ = {isa = PBXFileReference; lastKnownFileType = text.plist.xml; path = Info.plist; sourceTree = "<group>"; };
		938BCE192AD7D47C005CC01E /* FurnitureDetailViewController.swift */ = {isa = PBXFileReference; lastKnownFileType = sourcecode.swift; path = FurnitureDetailViewController.swift; sourceTree = "<group>"; };
		938BCE1B2AD7D48C005CC01E /* FurnitureTableViewController.swift */ = {isa = PBXFileReference; lastKnownFileType = sourcecode.swift; path = FurnitureTableViewController.swift; sourceTree = "<group>"; };
		938BCE1D2AD7DA6A005CC01E /* Furniture.swift */ = {isa = PBXFileReference; lastKnownFileType = sourcecode.swift; path = Furniture.swift; sourceTree = "<group>"; };
		938BCE1F2AD7DAA8005CC01E /* Room.swift */ = {isa = PBXFileReference; lastKnownFileType = sourcecode.swift; path = Room.swift; sourceTree = "<group>"; };
/* End PBXFileReference section */

/* Begin PBXFrameworksBuildPhase section */
		938BCDFF2AD7CE5B005CC01E /* Frameworks */ = {
			isa = PBXFrameworksBuildPhase;
			buildActionMask = 2147483647;
			files = (
			);
			runOnlyForDeploymentPostprocessing = 0;
		};
/* End PBXFrameworksBuildPhase section */

/* Begin PBXGroup section */
		938BCDF92AD7CE5B005CC01E = {
			isa = PBXGroup;
			children = (
				938BCE042AD7CE5B005CC01E /* MyLabHomeFurnitureSharing */,
				938BCE032AD7CE5B005CC01E /* Products */,
			);
			sourceTree = "<group>";
		};
		938BCE032AD7CE5B005CC01E /* Products */ = {
			isa = PBXGroup;
			children = (
				938BCE022AD7CE5B005CC01E /* MyLabHomeFurnitureSharing.app */,
			);
			name = Products;
			sourceTree = "<group>";
		};
		938BCE042AD7CE5B005CC01E /* MyLabHomeFurnitureSharing */ = {
			isa = PBXGroup;
			children = (
				938BCE052AD7CE5B005CC01E /* AppDelegate.swift */,
				938BCE072AD7CE5B005CC01E /* SceneDelegate.swift */,
				938BCE1D2AD7DA6A005CC01E /* Furniture.swift */,
				938BCE1F2AD7DAA8005CC01E /* Room.swift */,
				938BCE192AD7D47C005CC01E /* FurnitureDetailViewController.swift */,
				938BCE1B2AD7D48C005CC01E /* FurnitureTableViewController.swift */,
				938BCE0E2AD7CE5C005CC01E /* Assets.xcassets */,
				938BCE102AD7CE5C005CC01E /* LaunchScreen.storyboard */,
				938BCE132AD7CE5C005CC01E /* Info.plist */,
				938BCE0B2AD7CE5B005CC01E /* Main.storyboard */,
			);
			path = MyLabHomeFurnitureSharing;
			sourceTree = "<group>";
		};
/* End PBXGroup section */

/* Begin PBXNativeTarget section */
		938BCE012AD7CE5B005CC01E /* MyLabHomeFurnitureSharing */ = {
			isa = PBXNativeTarget;
			buildConfigurationList = 938BCE162AD7CE5C005CC01E /* Build configuration list for PBXNativeTarget "MyLabHomeFurnitureSharing" */;
			buildPhases = (
				938BCDFE2AD7CE5B005CC01E /* Sources */,
				938BCDFF2AD7CE5B005CC01E /* Frameworks */,
				938BCE002AD7CE5B005CC01E /* Resources */,
			);
			buildRules = (
			);
			dependencies = (
			);
			name = MyLabHomeFurnitureSharing;
			productName = MyLabHomeFurnitureSharing;
			productReference = 938BCE022AD7CE5B005CC01E /* MyLabHomeFurnitureSharing.app */;
			productType = "com.apple.product-type.application";
		};
/* End PBXNativeTarget section */

/* Begin PBXProject section */
		938BCDFA2AD7CE5B005CC01E /* Project object */ = {
			isa = PBXProject;
			attributes = {
				BuildIndependentTargetsInParallel = 1;
				LastSwiftUpdateCheck = 1500;
				LastUpgradeCheck = 1500;
				TargetAttributes = {
					938BCE012AD7CE5B005CC01E = {
						CreatedOnToolsVersion = 15.0;
					};
				};
			};
			buildConfigurationList = 938BCDFD2AD7CE5B005CC01E /* Build configuration list for PBXProject "MyLabHomeFurnitureSharing" */;
			compatibilityVersion = "Xcode 14.0";
			developmentRegion = en;
			hasScannedForEncodings = 0;
			knownRegions = (
				en,
				Base,
			);
			mainGroup = 938BCDF92AD7CE5B005CC01E;
			productRefGroup = 938BCE032AD7CE5B005CC01E /* Products */;
			projectDirPath = "";
			projectRoot = "";
			targets = (
				938BCE012AD7CE5B005CC01E /* MyLabHomeFurnitureSharing */,
			);
		};
/* End PBXProject section */

/* Begin PBXResourcesBuildPhase section */
		938BCE002AD7CE5B005CC01E /* Resources */ = {
			isa = PBXResourcesBuildPhase;
			buildActionMask = 2147483647;
			files = (
				938BCE122AD7CE5C005CC01E /* LaunchScreen.storyboard in Resources */,
				938BCE0F2AD7CE5C005CC01E /* Assets.xcassets in Resources */,
				938BCE0D2AD7CE5B005CC01E /* Main.storyboard in Resources */,
			);
			runOnlyForDeploymentPostprocessing = 0;
		};
/* End PBXResourcesBuildPhase section */

/* Begin PBXSourcesBuildPhase section */
		938BCDFE2AD7CE5B005CC01E /* Sources */ = {
			isa = PBXSourcesBuildPhase;
			buildActionMask = 2147483647;
			files = (
				938BCE1C2AD7D48C005CC01E /* FurnitureTableViewController.swift in Sources */,
				938BCE062AD7CE5B005CC01E /* AppDelegate.swift in Sources */,
				938BCE202AD7DAA8005CC01E /* Room.swift in Sources */,
				938BCE1E2AD7DA6A005CC01E /* Furniture.swift in Sources */,
				938BCE1A2AD7D47C005CC01E /* FurnitureDetailViewController.swift in Sources */,
				938BCE082AD7CE5B005CC01E /* SceneDelegate.swift in Sources */,
			);
			runOnlyForDeploymentPostprocessing = 0;
		};
/* End PBXSourcesBuildPhase section */

/* Begin PBXVariantGroup section */
		938BCE0B2AD7CE5B005CC01E /* Main.storyboard */ = {
			isa = PBXVariantGroup;
			children = (
				938BCE0C2AD7CE5B005CC01E /* Base */,
			);
			name = Main.storyboard;
			sourceTree = "<group>";
		};
		938BCE102AD7CE5C005CC01E /* LaunchScreen.storyboard */ = {
			isa = PBXVariantGroup;
			children = (
				938BCE112AD7CE5C005CC01E /* Base */,
			);
			name = LaunchScreen.storyboard;
			sourceTree = "<group>";
		};
/* End PBXVariantGroup section */

/* Begin XCBuildConfiguration section */
		938BCE142AD7CE5C005CC01E /* Debug */ = {
			isa = XCBuildConfiguration;
			buildSettings = {
				ALWAYS_SEARCH_USER_PATHS = NO;
				ASSETCATALOG_COMPILER_GENERATE_SWIFT_ASSET_SYMBOL_EXTENSIONS = YES;
				CLANG_ANALYZER_NONNULL = YES;
				CLANG_ANALYZER_NUMBER_OBJECT_CONVERSION = YES_AGGRESSIVE;
				CLANG_CXX_LANGUAGE_STANDARD = "gnu++20";
				CLANG_ENABLE_MODULES = YES;
				CLANG_ENABLE_OBJC_ARC = YES;
				CLANG_ENABLE_OBJC_WEAK = YES;
				CLANG_WARN_BLOCK_CAPTURE_AUTORELEASING = YES;
				CLANG_WARN_BOOL_CONVERSION = YES;
				CLANG_WARN_COMMA = YES;
				CLANG_WARN_CONSTANT_CONVERSION = YES;
				CLANG_WARN_DEPRECATED_OBJC_IMPLEMENTATIONS = YES;
				CLANG_WARN_DIRECT_OBJC_ISA_USAGE = YES_ERROR;
				CLANG_WARN_DOCUMENTATION_COMMENTS = YES;
				CLANG_WARN_EMPTY_BODY = YES;
				CLANG_WARN_ENUM_CONVERSION = YES;
				CLANG_WARN_INFINITE_RECURSION = YES;
				CLANG_WARN_INT_CONVERSION = YES;
				CLANG_WARN_NON_LITERAL_NULL_CONVERSION = YES;
				CLANG_WARN_OBJC_IMPLICIT_RETAIN_SELF = YES;
				CLANG_WARN_OBJC_LITERAL_CONVERSION = YES;
				CLANG_WARN_OBJC_ROOT_CLASS = YES_ERROR;
				CLANG_WARN_QUOTED_INCLUDE_IN_FRAMEWORK_HEADER = YES;
				CLANG_WARN_RANGE_LOOP_ANALYSIS = YES;
				CLANG_WARN_STRICT_PROTOTYPES = YES;
				CLANG_WARN_SUSPICIOUS_MOVE = YES;
				CLANG_WARN_UNGUARDED_AVAILABILITY = YES_AGGRESSIVE;
				CLANG_WARN_UNREACHABLE_CODE = YES;
				CLANG_WARN__DUPLICATE_METHOD_MATCH = YES;
				COPY_PHASE_STRIP = NO;
				DEBUG_INFORMATION_FORMAT = dwarf;
				ENABLE_STRICT_OBJC_MSGSEND = YES;
				ENABLE_TESTABILITY = YES;
				ENABLE_USER_SCRIPT_SANDBOXING = YES;
				GCC_C_LANGUAGE_STANDARD = gnu17;
				GCC_DYNAMIC_NO_PIC = NO;
				GCC_NO_COMMON_BLOCKS = YES;
				GCC_OPTIMIZATION_LEVEL = 0;
				GCC_PREPROCESSOR_DEFINITIONS = (
					"DEBUG=1",
					"$(inherited)",
				);
				GCC_WARN_64_TO_32_BIT_CONVERSION = YES;
				GCC_WARN_ABOUT_RETURN_TYPE = YES_ERROR;
				GCC_WARN_UNDECLARED_SELECTOR = YES;
				GCC_WARN_UNINITIALIZED_AUTOS = YES_AGGRESSIVE;
				GCC_WARN_UNUSED_FUNCTION = YES;
				GCC_WARN_UNUSED_VARIABLE = YES;
				IPHONEOS_DEPLOYMENT_TARGET = 17.0;
				LOCALIZATION_PREFERS_STRING_CATALOGS = YES;
				MTL_ENABLE_DEBUG_INFO = INCLUDE_SOURCE;
				MTL_FAST_MATH = YES;
				ONLY_ACTIVE_ARCH = YES;
				SDKROOT = iphoneos;
				SWIFT_ACTIVE_COMPILATION_CONDITIONS = "DEBUG $(inherited)";
				SWIFT_OPTIMIZATION_LEVEL = "-Onone";
			};
			name = Debug;
		};
		938BCE152AD7CE5C005CC01E /* Release */ = {
			isa = XCBuildConfiguration;
			buildSettings = {
				ALWAYS_SEARCH_USER_PATHS = NO;
				ASSETCATALOG_COMPILER_GENERATE_SWIFT_ASSET_SYMBOL_EXTENSIONS = YES;
				CLANG_ANALYZER_NONNULL = YES;
				CLANG_ANALYZER_NUMBER_OBJECT_CONVERSION = YES_AGGRESSIVE;
				CLANG_CXX_LANGUAGE_STANDARD = "gnu++20";
				CLANG_ENABLE_MODULES = YES;
				CLANG_ENABLE_OBJC_ARC = YES;
				CLANG_ENABLE_OBJC_WEAK = YES;
				CLANG_WARN_BLOCK_CAPTURE_AUTORELEASING = YES;
				CLANG_WARN_BOOL_CONVERSION = YES;
				CLANG_WARN_COMMA = YES;
				CLANG_WARN_CONSTANT_CONVERSION = YES;
				CLANG_WARN_DEPRECATED_OBJC_IMPLEMENTATIONS = YES;
				CLANG_WARN_DIRECT_OBJC_ISA_USAGE = YES_ERROR;
				CLANG_WARN_DOCUMENTATION_COMMENTS = YES;
				CLANG_WARN_EMPTY_BODY = YES;
				CLANG_WARN_ENUM_CONVERSION = YES;
				CLANG_WARN_INFINITE_RECURSION = YES;
				CLANG_WARN_INT_CONVERSION = YES;
				CLANG_WARN_NON_LITERAL_NULL_CONVERSION = YES;
				CLANG_WARN_OBJC_IMPLICIT_RETAIN_SELF = YES;
				CLANG_WARN_OBJC_LITERAL_CONVERSION = YES;
				CLANG_WARN_OBJC_ROOT_CLASS = YES_ERROR;
				CLANG_WARN_QUOTED_INCLUDE_IN_FRAMEWORK_HEADER = YES;
				CLANG_WARN_RANGE_LOOP_ANALYSIS = YES;
				CLANG_WARN_STRICT_PROTOTYPES = YES;
				CLANG_WARN_SUSPICIOUS_MOVE = YES;
				CLANG_WARN_UNGUARDED_AVAILABILITY = YES_AGGRESSIVE;
				CLANG_WARN_UNREACHABLE_CODE = YES;
				CLANG_WARN__DUPLICATE_METHOD_MATCH = YES;
				COPY_PHASE_STRIP = NO;
				DEBUG_INFORMATION_FORMAT = "dwarf-with-dsym";
				ENABLE_NS_ASSERTIONS = NO;
				ENABLE_STRICT_OBJC_MSGSEND = YES;
				ENABLE_USER_SCRIPT_SANDBOXING = YES;
				GCC_C_LANGUAGE_STANDARD = gnu17;
				GCC_NO_COMMON_BLOCKS = YES;
				GCC_WARN_64_TO_32_BIT_CONVERSION = YES;
				GCC_WARN_ABOUT_RETURN_TYPE = YES_ERROR;
				GCC_WARN_UNDECLARED_SELECTOR = YES;
				GCC_WARN_UNINITIALIZED_AUTOS = YES_AGGRESSIVE;
				GCC_WARN_UNUSED_FUNCTION = YES;
				GCC_WARN_UNUSED_VARIABLE = YES;
				IPHONEOS_DEPLOYMENT_TARGET = 17.0;
				LOCALIZATION_PREFERS_STRING_CATALOGS = YES;
				MTL_ENABLE_DEBUG_INFO = NO;
				MTL_FAST_MATH = YES;
				SDKROOT = iphoneos;
				SWIFT_COMPILATION_MODE = wholemodule;
				VALIDATE_PRODUCT = YES;
			};
			name = Release;
		};
		938BCE172AD7CE5C005CC01E /* Debug */ = {
			isa = XCBuildConfiguration;
			buildSettings = {
				ASSETCATALOG_COMPILER_APPICON_NAME = AppIcon;
				ASSETCATALOG_COMPILER_GLOBAL_ACCENT_COLOR_NAME = AccentColor;
				CODE_SIGN_STYLE = Automatic;
				CURRENT_PROJECT_VERSION = 1;
				DEVELOPMENT_TEAM = P8FCS2FB8Z;
				GENERATE_INFOPLIST_FILE = YES;
				INFOPLIST_FILE = MyLabHomeFurnitureSharing/Info.plist;
				INFOPLIST_KEY_UIApplicationSupportsIndirectInputEvents = YES;
				INFOPLIST_KEY_UILaunchStoryboardName = LaunchScreen;
				INFOPLIST_KEY_UIMainStoryboardFile = Main;
				INFOPLIST_KEY_UISupportedInterfaceOrientations_iPad = "UIInterfaceOrientationPortrait UIInterfaceOrientationPortraitUpsideDown UIInterfaceOrientationLandscapeLeft UIInterfaceOrientationLandscapeRight";
				INFOPLIST_KEY_UISupportedInterfaceOrientations_iPhone = "UIInterfaceOrientationPortrait UIInterfaceOrientationLandscapeLeft UIInterfaceOrientationLandscapeRight";
				LD_RUNPATH_SEARCH_PATHS = (
					"$(inherited)",
					"@executable_path/Frameworks",
				);
				MARKETING_VERSION = 1.0;
				PRODUCT_BUNDLE_IDENTIFIER = com.tonytsao.MyLabHomeFurnitureSharing;
				PRODUCT_NAME = "$(TARGET_NAME)";
				SWIFT_EMIT_LOC_STRINGS = YES;
				SWIFT_VERSION = 5.0;
				TARGETED_DEVICE_FAMILY = "1,2";
			};
			name = Debug;
		};
		938BCE182AD7CE5C005CC01E /* Release */ = {
			isa = XCBuildConfiguration;
			buildSettings = {
				ASSETCATALOG_COMPILER_APPICON_NAME = AppIcon;
				ASSETCATALOG_COMPILER_GLOBAL_ACCENT_COLOR_NAME = AccentColor;
				CODE_SIGN_STYLE = Automatic;
				CURRENT_PROJECT_VERSION = 1;
				DEVELOPMENT_TEAM = P8FCS2FB8Z;
				GENERATE_INFOPLIST_FILE = YES;
				INFOPLIST_FILE = MyLabHomeFurnitureSharing/Info.plist;
				INFOPLIST_KEY_UIApplicationSupportsIndirectInputEvents = YES;
				INFOPLIST_KEY_UILaunchStoryboardName = LaunchScreen;
				INFOPLIST_KEY_UIMainStoryboardFile = Main;
				INFOPLIST_KEY_UISupportedInterfaceOrientations_iPad = "UIInterfaceOrientationPortrait UIInterfaceOrientationPortraitUpsideDown UIInterfaceOrientationLandscapeLeft UIInterfaceOrientationLandscapeRight";
				INFOPLIST_KEY_UISupportedInterfaceOrientations_iPhone = "UIInterfaceOrientationPortrait UIInterfaceOrientationLandscapeLeft UIInterfaceOrientationLandscapeRight";
				LD_RUNPATH_SEARCH_PATHS = (
					"$(inherited)",
					"@executable_path/Frameworks",
				);
				MARKETING_VERSION = 1.0;
				PRODUCT_BUNDLE_IDENTIFIER = com.tonytsao.MyLabHomeFurnitureSharing;
				PRODUCT_NAME = "$(TARGET_NAME)";
				SWIFT_EMIT_LOC_STRINGS = YES;
				SWIFT_VERSION = 5.0;
				TARGETED_DEVICE_FAMILY = "1,2";
			};
			name = Release;
		};
/* End XCBuildConfiguration section */

/* Begin XCConfigurationList section */
		938BCDFD2AD7CE5B005CC01E /* Build configuration list for PBXProject "MyLabHomeFurnitureSharing" */ = {
			isa = XCConfigurationList;
			buildConfigurations = (
				938BCE142AD7CE5C005CC01E /* Debug */,
				938BCE152AD7CE5C005CC01E /* Release */,
			);
			defaultConfigurationIsVisible = 0;
			defaultConfigurationName = Release;
		};
		938BCE162AD7CE5C005CC01E /* Build configuration list for PBXNativeTarget "MyLabHomeFurnitureSharing" */ = {
			isa = XCConfigurationList;
			buildConfigurations = (
				938BCE172AD7CE5C005CC01E /* Debug */,
				938BCE182AD7CE5C005CC01E /* Release */,
			);
			defaultConfigurationIsVisible = 0;
			defaultConfigurationName = Release;
		};
/* End XCConfigurationList section */
	};
	rootObject = 938BCDFA2AD7CE5B005CC01E /* Project object */;
}
